// !$*UTF8*$!
{
	archiveVersion = 1;
	classes = {
	};
	objectVersion = 56;
	objects = {

/* Begin PBXBuildFile section */
		A0197C5C0FF09EEE79C4375E /* Pods_w3s_sample_app_wallets_ios.framework in Frameworks */ = {isa = PBXBuildFile; fileRef = 1097302EEF10FD98094F0D85 /* Pods_w3s_sample_app_wallets_ios.framework */; };
		B3AA29152A4D861B00326630 /* UserDefault.swift in Sources */ = {isa = PBXBuildFile; fileRef = B3AA29142A4D861B00326630 /* UserDefault.swift */; };
		B3C9B6B22A4ACAE700081B3A /* w3s_sample_app_wallets_iosApp.swift in Sources */ = {isa = PBXBuildFile; fileRef = B3C9B6B12A4ACAE700081B3A /* w3s_sample_app_wallets_iosApp.swift */; };
		B3C9B6B42A4ACAE700081B3A /* ContentView.swift in Sources */ = {isa = PBXBuildFile; fileRef = B3C9B6B32A4ACAE700081B3A /* ContentView.swift */; };
		B3C9B6B62A4ACAE800081B3A /* Assets.xcassets in Resources */ = {isa = PBXBuildFile; fileRef = B3C9B6B52A4ACAE800081B3A /* Assets.xcassets */; };
		B3C9B6B92A4ACAE800081B3A /* Preview Assets.xcassets in Resources */ = {isa = PBXBuildFile; fileRef = B3C9B6B82A4ACAE800081B3A /* Preview Assets.xcassets */; };
		B3C9B6C02A4ACB9200081B3A /* WalletSdkAdapter.swift in Sources */ = {isa = PBXBuildFile; fileRef = B3C9B6BF2A4ACB9200081B3A /* WalletSdkAdapter.swift */; };
		B3C9B6C62A4ACD1100081B3A /* Toast.swift in Sources */ = {isa = PBXBuildFile; fileRef = B3C9B6C22A4ACC2500081B3A /* Toast.swift */; };
		B3C9B6C72A4ACD1300081B3A /* Utility.swift in Sources */ = {isa = PBXBuildFile; fileRef = B3C9B6C42A4ACC2500081B3A /* Utility.swift */; };
/* End PBXBuildFile section */

/* Begin PBXFileReference section */
		1097302EEF10FD98094F0D85 /* Pods_w3s_sample_app_wallets_ios.framework */ = {isa = PBXFileReference; explicitFileType = wrapper.framework; includeInIndex = 0; path = Pods_w3s_sample_app_wallets_ios.framework; sourceTree = BUILT_PRODUCTS_DIR; };
		7792BA30CE6935196C305B1B /* Pods-w3s-sample-app-wallets-ios.debug.xcconfig */ = {isa = PBXFileReference; includeInIndex = 1; lastKnownFileType = text.xcconfig; name = "Pods-w3s-sample-app-wallets-ios.debug.xcconfig"; path = "Target Support Files/Pods-w3s-sample-app-wallets-ios/Pods-w3s-sample-app-wallets-ios.debug.xcconfig"; sourceTree = "<group>"; };
		853B9AA045FF5DABF4B15AEB /* Pods-w3s-sample-app-wallets-ios.release.xcconfig */ = {isa = PBXFileReference; includeInIndex = 1; lastKnownFileType = text.xcconfig; name = "Pods-w3s-sample-app-wallets-ios.release.xcconfig"; path = "Target Support Files/Pods-w3s-sample-app-wallets-ios/Pods-w3s-sample-app-wallets-ios.release.xcconfig"; sourceTree = "<group>"; };
		B3AA29142A4D861B00326630 /* UserDefault.swift */ = {isa = PBXFileReference; fileEncoding = 4; lastKnownFileType = sourcecode.swift; path = UserDefault.swift; sourceTree = "<group>"; };
		B3C9B6AE2A4ACAE700081B3A /* w3s-sample-app-wallets-ios.app */ = {isa = PBXFileReference; explicitFileType = wrapper.application; includeInIndex = 0; path = "w3s-sample-app-wallets-ios.app"; sourceTree = BUILT_PRODUCTS_DIR; };
		B3C9B6B12A4ACAE700081B3A /* w3s_sample_app_wallets_iosApp.swift */ = {isa = PBXFileReference; lastKnownFileType = sourcecode.swift; path = w3s_sample_app_wallets_iosApp.swift; sourceTree = "<group>"; };
		B3C9B6B32A4ACAE700081B3A /* ContentView.swift */ = {isa = PBXFileReference; lastKnownFileType = sourcecode.swift; path = ContentView.swift; sourceTree = "<group>"; };
		B3C9B6B52A4ACAE800081B3A /* Assets.xcassets */ = {isa = PBXFileReference; lastKnownFileType = folder.assetcatalog; path = Assets.xcassets; sourceTree = "<group>"; };
		B3C9B6B82A4ACAE800081B3A /* Preview Assets.xcassets */ = {isa = PBXFileReference; lastKnownFileType = folder.assetcatalog; path = "Preview Assets.xcassets"; sourceTree = "<group>"; };
		B3C9B6BF2A4ACB9200081B3A /* WalletSdkAdapter.swift */ = {isa = PBXFileReference; lastKnownFileType = sourcecode.swift; path = WalletSdkAdapter.swift; sourceTree = "<group>"; };
		B3C9B6C22A4ACC2500081B3A /* Toast.swift */ = {isa = PBXFileReference; lastKnownFileType = sourcecode.swift; path = Toast.swift; sourceTree = "<group>"; };
		B3C9B6C42A4ACC2500081B3A /* Utility.swift */ = {isa = PBXFileReference; lastKnownFileType = sourcecode.swift; path = Utility.swift; sourceTree = "<group>"; };
/* End PBXFileReference section */

/* Begin PBXFrameworksBuildPhase section */
		B3C9B6AB2A4ACAE700081B3A /* Frameworks */ = {
			isa = PBXFrameworksBuildPhase;
			buildActionMask = 2147483647;
			files = (
				A0197C5C0FF09EEE79C4375E /* Pods_w3s_sample_app_wallets_ios.framework in Frameworks */,
			);
			runOnlyForDeploymentPostprocessing = 0;
		};
/* End PBXFrameworksBuildPhase section */

/* Begin PBXGroup section */
		39CE6056CF475F697340F8C7 /* Pods */ = {
			isa = PBXGroup;
			children = (
				7792BA30CE6935196C305B1B /* Pods-w3s-sample-app-wallets-ios.debug.xcconfig */,
				853B9AA045FF5DABF4B15AEB /* Pods-w3s-sample-app-wallets-ios.release.xcconfig */,
			);
			path = Pods;
			sourceTree = "<group>";
		};
		B3C9B6A52A4ACAE700081B3A = {
			isa = PBXGroup;
			children = (
				B3C9B6B02A4ACAE700081B3A /* w3s-sample-app-wallets-ios */,
				B3C9B6AF2A4ACAE700081B3A /* Products */,
				39CE6056CF475F697340F8C7 /* Pods */,
				F766226098F0823EC50AFA22 /* Frameworks */,
			);
			sourceTree = "<group>";
		};
		B3C9B6AF2A4ACAE700081B3A /* Products */ = {
			isa = PBXGroup;
			children = (
				B3C9B6AE2A4ACAE700081B3A /* w3s-sample-app-wallets-ios.app */,
			);
			name = Products;
			sourceTree = "<group>";
		};
		B3C9B6B02A4ACAE700081B3A /* w3s-sample-app-wallets-ios */ = {
			isa = PBXGroup;
			children = (
				B3C9B6B52A4ACAE800081B3A /* Assets.xcassets */,
				B3C9B6B12A4ACAE700081B3A /* w3s_sample_app_wallets_iosApp.swift */,
				B3C9B6B32A4ACAE700081B3A /* ContentView.swift */,
				B3C9B6BF2A4ACB9200081B3A /* WalletSdkAdapter.swift */,
				B3C9B6C12A4ACC1E00081B3A /* Helpers */,
				B3C9B6B72A4ACAE800081B3A /* Preview Content */,
			);
			path = "w3s-sample-app-wallets-ios";
			sourceTree = "<group>";
		};
		B3C9B6B72A4ACAE800081B3A /* Preview Content */ = {
			isa = PBXGroup;
			children = (
				B3C9B6B82A4ACAE800081B3A /* Preview Assets.xcassets */,
			);
			path = "Preview Content";
			sourceTree = "<group>";
		};
		B3C9B6C12A4ACC1E00081B3A /* Helpers */ = {
			isa = PBXGroup;
			children = (
				B3C9B6C22A4ACC2500081B3A /* Toast.swift */,
				B3AA29142A4D861B00326630 /* UserDefault.swift */,
				B3C9B6C42A4ACC2500081B3A /* Utility.swift */,
			);
			path = Helpers;
			sourceTree = "<group>";
		};
		F766226098F0823EC50AFA22 /* Frameworks */ = {
			isa = PBXGroup;
			children = (
				1097302EEF10FD98094F0D85 /* Pods_w3s_sample_app_wallets_ios.framework */,
			);
			name = Frameworks;
			sourceTree = "<group>";
		};
/* End PBXGroup section */

/* Begin PBXNativeTarget section */
		B3C9B6AD2A4ACAE700081B3A /* w3s-sample-app-wallets-ios */ = {
			isa = PBXNativeTarget;
			buildConfigurationList = B3C9B6BC2A4ACAE800081B3A /* Build configuration list for PBXNativeTarget "w3s-sample-app-wallets-ios" */;
			buildPhases = (
				1330EF3D705D9CCA642340D4 /* [CP] Check Pods Manifest.lock */,
				B3C9B6AA2A4ACAE700081B3A /* Sources */,
				B3C9B6AB2A4ACAE700081B3A /* Frameworks */,
				B3C9B6AC2A4ACAE700081B3A /* Resources */,
				2B7C0D62FFCEBE903EB4CE27 /* [CP] Copy Pods Resources */,
			);
			buildRules = (
			);
			dependencies = (
			);
			name = "w3s-sample-app-wallets-ios";
			productName = "w3s-sample-app-wallets-ios";
			productReference = B3C9B6AE2A4ACAE700081B3A /* w3s-sample-app-wallets-ios.app */;
			productType = "com.apple.product-type.application";
		};
/* End PBXNativeTarget section */

/* Begin PBXProject section */
		B3C9B6A62A4ACAE700081B3A /* Project object */ = {
			isa = PBXProject;
			attributes = {
				BuildIndependentTargetsInParallel = 1;
				LastSwiftUpdateCheck = 1430;
				LastUpgradeCheck = 1430;
				TargetAttributes = {
					B3C9B6AD2A4ACAE700081B3A = {
						CreatedOnToolsVersion = 14.3;
					};
				};
			};
			buildConfigurationList = B3C9B6A92A4ACAE700081B3A /* Build configuration list for PBXProject "w3s-sample-app-wallets-ios" */;
			compatibilityVersion = "Xcode 14.0";
			developmentRegion = en;
			hasScannedForEncodings = 0;
			knownRegions = (
				en,
				Base,
			);
			mainGroup = B3C9B6A52A4ACAE700081B3A;
			productRefGroup = B3C9B6AF2A4ACAE700081B3A /* Products */;
			projectDirPath = "";
			projectRoot = "";
			targets = (
				B3C9B6AD2A4ACAE700081B3A /* w3s-sample-app-wallets-ios */,
			);
		};
/* End PBXProject section */

/* Begin PBXResourcesBuildPhase section */
		B3C9B6AC2A4ACAE700081B3A /* Resources */ = {
			isa = PBXResourcesBuildPhase;
			buildActionMask = 2147483647;
			files = (
				B3C9B6B92A4ACAE800081B3A /* Preview Assets.xcassets in Resources */,
				B3C9B6B62A4ACAE800081B3A /* Assets.xcassets in Resources */,
			);
			runOnlyForDeploymentPostprocessing = 0;
		};
/* End PBXResourcesBuildPhase section */

/* Begin PBXShellScriptBuildPhase section */
		1330EF3D705D9CCA642340D4 /* [CP] Check Pods Manifest.lock */ = {
			isa = PBXShellScriptBuildPhase;
			buildActionMask = 2147483647;
			files = (
			);
			inputFileListPaths = (
			);
			inputPaths = (
				"${PODS_PODFILE_DIR_PATH}/Podfile.lock",
				"${PODS_ROOT}/Manifest.lock",
			);
			name = "[CP] Check Pods Manifest.lock";
			outputFileListPaths = (
			);
			outputPaths = (
				"$(DERIVED_FILE_DIR)/Pods-w3s-sample-app-wallets-ios-checkManifestLockResult.txt",
			);
			runOnlyForDeploymentPostprocessing = 0;
			shellPath = /bin/sh;
			shellScript = "diff \"${PODS_PODFILE_DIR_PATH}/Podfile.lock\" \"${PODS_ROOT}/Manifest.lock\" > /dev/null\nif [ $? != 0 ] ; then\n    # print error to STDERR\n    echo \"error: The sandbox is not in sync with the Podfile.lock. Run 'pod install' or update your CocoaPods installation.\" >&2\n    exit 1\nfi\n# This output is used by Xcode 'outputs' to avoid re-running this script phase.\necho \"SUCCESS\" > \"${SCRIPT_OUTPUT_FILE_0}\"\n";
			showEnvVarsInLog = 0;
		};
		2B7C0D62FFCEBE903EB4CE27 /* [CP] Copy Pods Resources */ = {
			isa = PBXShellScriptBuildPhase;
			buildActionMask = 2147483647;
			files = (
			);
			inputFileListPaths = (
				"${PODS_ROOT}/Target Support Files/Pods-w3s-sample-app-wallets-ios/Pods-w3s-sample-app-wallets-ios-resources-${CONFIGURATION}-input-files.xcfilelist",
			);
			name = "[CP] Copy Pods Resources";
			outputFileListPaths = (
				"${PODS_ROOT}/Target Support Files/Pods-w3s-sample-app-wallets-ios/Pods-w3s-sample-app-wallets-ios-resources-${CONFIGURATION}-output-files.xcfilelist",
			);
			runOnlyForDeploymentPostprocessing = 0;
			shellPath = /bin/sh;
			shellScript = "\"${PODS_ROOT}/Target Support Files/Pods-w3s-sample-app-wallets-ios/Pods-w3s-sample-app-wallets-ios-resources.sh\"\n";
			showEnvVarsInLog = 0;
		};
/* End PBXShellScriptBuildPhase section */

/* Begin PBXSourcesBuildPhase section */
		B3C9B6AA2A4ACAE700081B3A /* Sources */ = {
			isa = PBXSourcesBuildPhase;
			buildActionMask = 2147483647;
			files = (
				B3C9B6B42A4ACAE700081B3A /* ContentView.swift in Sources */,
				B3AA29152A4D861B00326630 /* UserDefault.swift in Sources */,
				B3C9B6C02A4ACB9200081B3A /* WalletSdkAdapter.swift in Sources */,
				B3C9B6C72A4ACD1300081B3A /* Utility.swift in Sources */,
				B3C9B6C62A4ACD1100081B3A /* Toast.swift in Sources */,
				B3C9B6B22A4ACAE700081B3A /* w3s_sample_app_wallets_iosApp.swift in Sources */,
			);
			runOnlyForDeploymentPostprocessing = 0;
		};
/* End PBXSourcesBuildPhase section */

/* Begin XCBuildConfiguration section */
		B3C9B6BA2A4ACAE800081B3A /* Debug */ = {
			isa = XCBuildConfiguration;
			buildSettings = {
				ALWAYS_SEARCH_USER_PATHS = NO;
				CLANG_ANALYZER_NONNULL = YES;
				CLANG_ANALYZER_NUMBER_OBJECT_CONVERSION = YES_AGGRESSIVE;
				CLANG_CXX_LANGUAGE_STANDARD = "gnu++20";
				CLANG_ENABLE_MODULES = YES;
				CLANG_ENABLE_OBJC_ARC = YES;
				CLANG_ENABLE_OBJC_WEAK = YES;
				CLANG_WARN_BLOCK_CAPTURE_AUTORELEASING = YES;
				CLANG_WARN_BOOL_CONVERSION = YES;
				CLANG_WARN_COMMA = YES;
				CLANG_WARN_CONSTANT_CONVERSION = YES;
				CLANG_WARN_DEPRECATED_OBJC_IMPLEMENTATIONS = YES;
				CLANG_WARN_DIRECT_OBJC_ISA_USAGE = YES_ERROR;
				CLANG_WARN_DOCUMENTATION_COMMENTS = YES;
				CLANG_WARN_EMPTY_BODY = YES;
				CLANG_WARN_ENUM_CONVERSION = YES;
				CLANG_WARN_INFINITE_RECURSION = YES;
				CLANG_WARN_INT_CONVERSION = YES;
				CLANG_WARN_NON_LITERAL_NULL_CONVERSION = YES;
				CLANG_WARN_OBJC_IMPLICIT_RETAIN_SELF = YES;
				CLANG_WARN_OBJC_LITERAL_CONVERSION = YES;
				CLANG_WARN_OBJC_ROOT_CLASS = YES_ERROR;
				CLANG_WARN_QUOTED_INCLUDE_IN_FRAMEWORK_HEADER = YES;
				CLANG_WARN_RANGE_LOOP_ANALYSIS = YES;
				CLANG_WARN_STRICT_PROTOTYPES = YES;
				CLANG_WARN_SUSPICIOUS_MOVE = YES;
				CLANG_WARN_UNGUARDED_AVAILABILITY = YES_AGGRESSIVE;
				CLANG_WARN_UNREACHABLE_CODE = YES;
				CLANG_WARN__DUPLICATE_METHOD_MATCH = YES;
				COPY_PHASE_STRIP = NO;
				DEBUG_INFORMATION_FORMAT = dwarf;
				ENABLE_STRICT_OBJC_MSGSEND = YES;
				ENABLE_TESTABILITY = YES;
				GCC_C_LANGUAGE_STANDARD = gnu11;
				GCC_DYNAMIC_NO_PIC = NO;
				GCC_NO_COMMON_BLOCKS = YES;
				GCC_OPTIMIZATION_LEVEL = 0;
				GCC_PREPROCESSOR_DEFINITIONS = (
					"DEBUG=1",
					"$(inherited)",
				);
				GCC_WARN_64_TO_32_BIT_CONVERSION = YES;
				GCC_WARN_ABOUT_RETURN_TYPE = YES_ERROR;
				GCC_WARN_UNDECLARED_SELECTOR = YES;
				GCC_WARN_UNINITIALIZED_AUTOS = YES_AGGRESSIVE;
				GCC_WARN_UNUSED_FUNCTION = YES;
				GCC_WARN_UNUSED_VARIABLE = YES;
				IPHONEOS_DEPLOYMENT_TARGET = 16.4;
				MTL_ENABLE_DEBUG_INFO = INCLUDE_SOURCE;
				MTL_FAST_MATH = YES;
				ONLY_ACTIVE_ARCH = YES;
				SDKROOT = iphoneos;
				SWIFT_ACTIVE_COMPILATION_CONDITIONS = DEBUG;
				SWIFT_OPTIMIZATION_LEVEL = "-Onone";
			};
			name = Debug;
		};
		B3C9B6BB2A4ACAE800081B3A /* Release */ = {
			isa = XCBuildConfiguration;
			buildSettings = {
				ALWAYS_SEARCH_USER_PATHS = NO;
				CLANG_ANALYZER_NONNULL = YES;
				CLANG_ANALYZER_NUMBER_OBJECT_CONVERSION = YES_AGGRESSIVE;
				CLANG_CXX_LANGUAGE_STANDARD = "gnu++20";
				CLANG_ENABLE_MODULES = YES;
				CLANG_ENABLE_OBJC_ARC = YES;
				CLANG_ENABLE_OBJC_WEAK = YES;
				CLANG_WARN_BLOCK_CAPTURE_AUTORELEASING = YES;
				CLANG_WARN_BOOL_CONVERSION = YES;
				CLANG_WARN_COMMA = YES;
				CLANG_WARN_CONSTANT_CONVERSION = YES;
				CLANG_WARN_DEPRECATED_OBJC_IMPLEMENTATIONS = YES;
				CLANG_WARN_DIRECT_OBJC_ISA_USAGE = YES_ERROR;
				CLANG_WARN_DOCUMENTATION_COMMENTS = YES;
				CLANG_WARN_EMPTY_BODY = YES;
				CLANG_WARN_ENUM_CONVERSION = YES;
				CLANG_WARN_INFINITE_RECURSION = YES;
				CLANG_WARN_INT_CONVERSION = YES;
				CLANG_WARN_NON_LITERAL_NULL_CONVERSION = YES;
				CLANG_WARN_OBJC_IMPLICIT_RETAIN_SELF = YES;
				CLANG_WARN_OBJC_LITERAL_CONVERSION = YES;
				CLANG_WARN_OBJC_ROOT_CLASS = YES_ERROR;
				CLANG_WARN_QUOTED_INCLUDE_IN_FRAMEWORK_HEADER = YES;
				CLANG_WARN_RANGE_LOOP_ANALYSIS = YES;
				CLANG_WARN_STRICT_PROTOTYPES = YES;
				CLANG_WARN_SUSPICIOUS_MOVE = YES;
				CLANG_WARN_UNGUARDED_AVAILABILITY = YES_AGGRESSIVE;
				CLANG_WARN_UNREACHABLE_CODE = YES;
				CLANG_WARN__DUPLICATE_METHOD_MATCH = YES;
				COPY_PHASE_STRIP = NO;
				DEBUG_INFORMATION_FORMAT = "dwarf-with-dsym";
				ENABLE_NS_ASSERTIONS = NO;
				ENABLE_STRICT_OBJC_MSGSEND = YES;
				GCC_C_LANGUAGE_STANDARD = gnu11;
				GCC_NO_COMMON_BLOCKS = YES;
				GCC_WARN_64_TO_32_BIT_CONVERSION = YES;
				GCC_WARN_ABOUT_RETURN_TYPE = YES_ERROR;
				GCC_WARN_UNDECLARED_SELECTOR = YES;
				GCC_WARN_UNINITIALIZED_AUTOS = YES_AGGRESSIVE;
				GCC_WARN_UNUSED_FUNCTION = YES;
				GCC_WARN_UNUSED_VARIABLE = YES;
				IPHONEOS_DEPLOYMENT_TARGET = 16.4;
				MTL_ENABLE_DEBUG_INFO = NO;
				MTL_FAST_MATH = YES;
				SDKROOT = iphoneos;
				SWIFT_COMPILATION_MODE = wholemodule;
				SWIFT_OPTIMIZATION_LEVEL = "-O";
				VALIDATE_PRODUCT = YES;
			};
			name = Release;
		};
		B3C9B6BD2A4ACAE800081B3A /* Debug */ = {
			isa = XCBuildConfiguration;
			baseConfigurationReference = 7792BA30CE6935196C305B1B /* Pods-w3s-sample-app-wallets-ios.debug.xcconfig */;
			buildSettings = {
				ASSETCATALOG_COMPILER_APPICON_NAME = AppIcon;
				ASSETCATALOG_COMPILER_GLOBAL_ACCENT_COLOR_NAME = AccentColor;
				CODE_SIGN_STYLE = Automatic;
				CURRENT_PROJECT_VERSION = 1;
				DEVELOPMENT_ASSET_PATHS = "\"w3s-sample-app-wallets-ios/Preview Content\"";
				DEVELOPMENT_TEAM = A46Z766J68;
				ENABLE_PREVIEWS = YES;
				GENERATE_INFOPLIST_FILE = YES;
				INFOPLIST_KEY_CFBundleDisplayName = "w3s wallets";
				INFOPLIST_KEY_UIApplicationSceneManifest_Generation = YES;
				INFOPLIST_KEY_UIApplicationSupportsIndirectInputEvents = YES;
				INFOPLIST_KEY_UILaunchScreen_Generation = YES;
				INFOPLIST_KEY_UISupportedInterfaceOrientations_iPad = "UIInterfaceOrientationPortrait UIInterfaceOrientationPortraitUpsideDown UIInterfaceOrientationLandscapeLeft UIInterfaceOrientationLandscapeRight";
				INFOPLIST_KEY_UISupportedInterfaceOrientations_iPhone = "UIInterfaceOrientationPortrait UIInterfaceOrientationLandscapeLeft UIInterfaceOrientationLandscapeRight";
				IPHONEOS_DEPLOYMENT_TARGET = 16.0;
				LD_RUNPATH_SEARCH_PATHS = (
					"$(inherited)",
					"@executable_path/Frameworks",
				);
				MARKETING_VERSION = 1.0.0;
				PRODUCT_BUNDLE_IDENTIFIER = "com.cybavo.w3s-sample-app-wallets-ios";
				PRODUCT_NAME = "$(TARGET_NAME)";
				SWIFT_EMIT_LOC_STRINGS = YES;
				SWIFT_VERSION = 5.0;
				TARGETED_DEVICE_FAMILY = "1,2";
			};
			name = Debug;
		};
		B3C9B6BE2A4ACAE800081B3A /* Release */ = {
			isa = XCBuildConfiguration;
			baseConfigurationReference = 853B9AA045FF5DABF4B15AEB /* Pods-w3s-sample-app-wallets-ios.release.xcconfig */;
			buildSettings = {
				ASSETCATALOG_COMPILER_APPICON_NAME = AppIcon;
				ASSETCATALOG_COMPILER_GLOBAL_ACCENT_COLOR_NAME = AccentColor;
				CODE_SIGN_STYLE = Automatic;
				CURRENT_PROJECT_VERSION = 1;
				DEVELOPMENT_ASSET_PATHS = "\"w3s-sample-app-wallets-ios/Preview Content\"";
				DEVELOPMENT_TEAM = A46Z766J68;
				ENABLE_PREVIEWS = YES;
				GENERATE_INFOPLIST_FILE = YES;
				INFOPLIST_KEY_CFBundleDisplayName = "w3s wallets";
				INFOPLIST_KEY_UIApplicationSceneManifest_Generation = YES;
				INFOPLIST_KEY_UIApplicationSupportsIndirectInputEvents = YES;
				INFOPLIST_KEY_UILaunchScreen_Generation = YES;
				INFOPLIST_KEY_UISupportedInterfaceOrientations_iPad = "UIInterfaceOrientationPortrait UIInterfaceOrientationPortraitUpsideDown UIInterfaceOrientationLandscapeLeft UIInterfaceOrientationLandscapeRight";
				INFOPLIST_KEY_UISupportedInterfaceOrientations_iPhone = "UIInterfaceOrientationPortrait UIInterfaceOrientationLandscapeLeft UIInterfaceOrientationLandscapeRight";
				IPHONEOS_DEPLOYMENT_TARGET = 16.0;
				LD_RUNPATH_SEARCH_PATHS = (
					"$(inherited)",
					"@executable_path/Frameworks",
				);
				MARKETING_VERSION = 1.0.0;
				PRODUCT_BUNDLE_IDENTIFIER = "com.cybavo.w3s-sample-app-wallets-ios";
				PRODUCT_NAME = "$(TARGET_NAME)";
				SWIFT_EMIT_LOC_STRINGS = YES;
				SWIFT_VERSION = 5.0;
				TARGETED_DEVICE_FAMILY = "1,2";
			};
			name = Release;
		};
/* End XCBuildConfiguration section */

/* Begin XCConfigurationList section */
		B3C9B6A92A4ACAE700081B3A /* Build configuration list for PBXProject "w3s-sample-app-wallets-ios" */ = {
			isa = XCConfigurationList;
			buildConfigurations = (
				B3C9B6BA2A4ACAE800081B3A /* Debug */,
				B3C9B6BB2A4ACAE800081B3A /* Release */,
			);
			defaultConfigurationIsVisible = 0;
			defaultConfigurationName = Release;
		};
		B3C9B6BC2A4ACAE800081B3A /* Build configuration list for PBXNativeTarget "w3s-sample-app-wallets-ios" */ = {
			isa = XCConfigurationList;
			buildConfigurations = (
				B3C9B6BD2A4ACAE800081B3A /* Debug */,
				B3C9B6BE2A4ACAE800081B3A /* Release */,
			);
			defaultConfigurationIsVisible = 0;
			defaultConfigurationName = Release;
		};
/* End XCConfigurationList section */
	};
	rootObject = B3C9B6A62A4ACAE700081B3A /* Project object */;
}
